
Microsoft Visual Studio Solution File, Format Version 12.00
# Visual Studio 15
VisualStudioVersion = 15.0.28010.2048
MinimumVisualStudioVersion = 10.0.40219.1
Project("{FAE04EC0-301F-11D3-BF4B-00C04F79EFBC}") = "ClientAuth.Domain", "ClientAuth.Domain\ClientAuth.Domain.csproj", "{6E176943-3D21-4E21-9CB8-7ACBDDD0E334}"
EndProject
Project("{FAE04EC0-301F-11D3-BF4B-00C04F79EFBC}") = "ClientAuth.Test", "ClientAuth.Test\ClientAuth.Test.csproj", "{BA4C4AC1-BCDD-4436-8EF9-8B8FF27BE6E9}"
EndProject
Project("{FAE04EC0-301F-11D3-BF4B-00C04F79EFBC}") = "ClientReg.Infra", "ClientReg.Infra\ClientReg.Infra.csproj", "{4EDDD493-108E-4EB1-9672-5916B7F37CCA}"
EndProject
Project("{FAE04EC0-301F-11D3-BF4B-00C04F79EFBC}") = "ClientReg.Service", "ClientReg.Service\ClientReg.Service.csproj", "{A21DD313-EED2-46DA-8C67-31926A886059}"
EndProject
Project("{FAE04EC0-301F-11D3-BF4B-00C04F79EFBC}") = "ClientRed.Win.UI", "ClientRed.Win.UI\ClientRed.Win.UI.csproj", "{1228BD2B-4E23-48CC-B4E8-0FC2A3E41B4C}"
EndProject
Global
	GlobalSection(SolutionConfigurationPlatforms) = preSolution
		Debug|Any CPU = Debug|Any CPU
		Release|Any CPU = Release|Any CPU
	EndGlobalSection
	GlobalSection(ProjectConfigurationPlatforms) = postSolution
		{6E176943-3D21-4E21-9CB8-7ACBDDD0E334}.Debug|Any CPU.ActiveCfg = Debug|Any CPU
		{6E176943-3D21-4E21-9CB8-7ACBDDD0E334}.Debug|Any CPU.Build.0 = Debug|Any CPU
		{6E176943-3D21-4E21-9CB8-7ACBDDD0E334}.Release|Any CPU.ActiveCfg = Release|Any CPU
		{6E176943-3D21-4E21-9CB8-7ACBDDD0E334}.Release|Any CPU.Build.0 = Release|Any CPU
		{BA4C4AC1-BCDD-4436-8EF9-8B8FF27BE6E9}.Debug|Any CPU.ActiveCfg = Debug|Any CPU
		{BA4C4AC1-BCDD-4436-8EF9-8B8FF27BE6E9}.Debug|Any CPU.Build.0 = Debug|Any CPU
		{BA4C4AC1-BCDD-4436-8EF9-8B8FF27BE6E9}.Release|Any CPU.ActiveCfg = Release|Any CPU
		{BA4C4AC1-BCDD-4436-8EF9-8B8FF27BE6E9}.Release|Any CPU.Build.0 = Release|Any CPU
		{4EDDD493-108E-4EB1-9672-5916B7F37CCA}.Debug|Any CPU.ActiveCfg = Debug|Any CPU
		{4EDDD493-108E-4EB1-9672-5916B7F37CCA}.Debug|Any CPU.Build.0 = Debug|Any CPU
		{4EDDD493-108E-4EB1-9672-5916B7F37CCA}.Release|Any CPU.ActiveCfg = Release|Any CPU
		{4EDDD493-108E-4EB1-9672-5916B7F37CCA}.Release|Any CPU.Build.0 = Release|Any CPU
		{A21DD313-EED2-46DA-8C67-31926A886059}.Debug|Any CPU.ActiveCfg = Debug|Any CPU
		{A21DD313-EED2-46DA-8C67-31926A886059}.Debug|Any CPU.Build.0 = Debug|Any CPU
		{A21DD313-EED2-46DA-8C67-31926A886059}.Release|Any CPU.ActiveCfg = Release|Any CPU
		{A21DD313-EED2-46DA-8C67-31926A886059}.Release|Any CPU.Build.0 = Release|Any CPU
		{1228BD2B-4E23-48CC-B4E8-0FC2A3E41B4C}.Debug|Any CPU.ActiveCfg = Debug|Any CPU
		{1228BD2B-4E23-48CC-B4E8-0FC2A3E41B4C}.Debug|Any CPU.Build.0 = Debug|Any CPU
		{1228BD2B-4E23-48CC-B4E8-0FC2A3E41B4C}.Release|Any CPU.ActiveCfg = Release|Any CPU
		{1228BD2B-4E23-48CC-B4E8-0FC2A3E41B4C}.Release|Any CPU.Build.0 = Release|Any CPU
	EndGlobalSection
	GlobalSection(SolutionProperties) = preSolution
		HideSolutionNode = FALSE
	EndGlobalSection
	GlobalSection(ExtensibilityGlobals) = postSolution
		SolutionGuid = {21426D83-65E5-4696-8375-1CEE1FD6967E}
	EndGlobalSection
EndGlobal
